
Microsoft Visual Studio Solution File, Format Version 12.00
# Visual Studio Version 17
VisualStudioVersion = 17.2.32602.215
MinimumVisualStudioVersion = 10.0.40219.1
Project("{9A19103F-16F7-4668-BE54-9A1E7A4F7556}") = "Black Jack", "Black Jack\Black Jack.csproj", "{5D374995-110E-4A3F-BF1E-1D14431F5ACA}"
EndProject
Project("{2150E333-8FDC-42A3-9474-1A3956D46DE8}") = "Bilder", "Bilder", "{6516D555-19EA-41AB-B8F9-C7B5080A8B2A}"
	ProjectSection(SolutionItems) = preProject
		bilder\Spelmarker\10$.png = bilder\Spelmarker\10$.png
		bilder\Spelmarker\10$jpg.jpg = bilder\Spelmarker\10$jpg.jpg
		bilder\Spelkort\H2.png = bilder\Spelkort\H2.png
		bilder\Spelkort\H3.png = bilder\Spelkort\H3.png
		bilder\Spelkort\H4.png = bilder\Spelkort\H4.png
		bilder\Spelkort\H5.png = bilder\Spelkort\H5.png
		bilder\Spelkort\H6.png = bilder\Spelkort\H6.png
		bilder\Spelkort\H7.png = bilder\Spelkort\H7.png
		bilder\Spelkort\H8.png = bilder\Spelkort\H8.png
		bilder\Spelkort\H9.png = bilder\Spelkort\H9.png
		bilder\Spelkort\HA.png = bilder\Spelkort\HA.png
		bilder\Spelkort\HJ.png = bilder\Spelkort\HJ.png
		bilder\Spelkort\HK.png = bilder\Spelkort\HK.png
		bilder\Spelkort\HQ.png = bilder\Spelkort\HQ.png
		bilder\Spelkort\HT.png = bilder\Spelkort\HT.png
		bilder\Spelkort\K2.png = bilder\Spelkort\K2.png
		bilder\Spelkort\K3.png = bilder\Spelkort\K3.png
		bilder\Spelkort\K4.png = bilder\Spelkort\K4.png
		bilder\Spelkort\K5.png = bilder\Spelkort\K5.png
		bilder\Spelkort\K6.png = bilder\Spelkort\K6.png
		bilder\Spelkort\K7.png = bilder\Spelkort\K7.png
		bilder\Spelkort\K8.png = bilder\Spelkort\K8.png
		bilder\Spelkort\K9.png = bilder\Spelkort\K9.png
		bilder\Spelkort\KA.png = bilder\Spelkort\KA.png
		bilder\Spelkort\KJ.png = bilder\Spelkort\KJ.png
		bilder\Spelkort\KK.png = bilder\Spelkort\KK.png
		bilder\Spelkort\KQ.png = bilder\Spelkort\KQ.png
		bilder\Spelkort\KT.png = bilder\Spelkort\KT.png
		bilder\Spelkort\R2.png = bilder\Spelkort\R2.png
		bilder\Spelkort\R3.png = bilder\Spelkort\R3.png
		bilder\Spelkort\R4.png = bilder\Spelkort\R4.png
		bilder\Spelkort\R5.png = bilder\Spelkort\R5.png
		bilder\Spelkort\R6.png = bilder\Spelkort\R6.png
		bilder\Spelkort\R7.png = bilder\Spelkort\R7.png
		bilder\Spelkort\R8.png = bilder\Spelkort\R8.png
		bilder\Spelkort\R9.png = bilder\Spelkort\R9.png
		bilder\Spelkort\RA.png = bilder\Spelkort\RA.png
		bilder\Spelkort\RJ.png = bilder\Spelkort\RJ.png
		bilder\Spelkort\RK.png = bilder\Spelkort\RK.png
		bilder\Spelkort\RQ.png = bilder\Spelkort\RQ.png
		bilder\Spelkort\RT.png = bilder\Spelkort\RT.png
		bilder\Spelkort\S2.png = bilder\Spelkort\S2.png
		bilder\Spelkort\S3.png = bilder\Spelkort\S3.png
		bilder\Spelkort\S4.png = bilder\Spelkort\S4.png
		bilder\Spelkort\S5.png = bilder\Spelkort\S5.png
		bilder\Spelkort\S6.png = bilder\Spelkort\S6.png
		bilder\Spelkort\S7.png = bilder\Spelkort\S7.png
		bilder\Spelkort\S8.png = bilder\Spelkort\S8.png
		bilder\Spelkort\S9.png = bilder\Spelkort\S9.png
		bilder\Spelkort\SA.png = bilder\Spelkort\SA.png
		bilder\Spelkort\SJ.png = bilder\Spelkort\SJ.png
		bilder\Spelkort\SK.png = bilder\Spelkort\SK.png
		bilder\Spelkort\SQ.png = bilder\Spelkort\SQ.png
		bilder\Spelkort\ST.png = bilder\Spelkort\ST.png
	EndProjectSection
EndProject
Global
	GlobalSection(SolutionConfigurationPlatforms) = preSolution
		Debug|Any CPU = Debug|Any CPU
		Release|Any CPU = Release|Any CPU
	EndGlobalSection
	GlobalSection(ProjectConfigurationPlatforms) = postSolution
		{5D374995-110E-4A3F-BF1E-1D14431F5ACA}.Debug|Any CPU.ActiveCfg = Debug|Any CPU
		{5D374995-110E-4A3F-BF1E-1D14431F5ACA}.Debug|Any CPU.Build.0 = Debug|Any CPU
		{5D374995-110E-4A3F-BF1E-1D14431F5ACA}.Release|Any CPU.ActiveCfg = Release|Any CPU
		{5D374995-110E-4A3F-BF1E-1D14431F5ACA}.Release|Any CPU.Build.0 = Release|Any CPU
	EndGlobalSection
	GlobalSection(SolutionProperties) = preSolution
		HideSolutionNode = FALSE
	EndGlobalSection
	GlobalSection(ExtensibilityGlobals) = postSolution
		SolutionGuid = {C4CBE635-97B1-47DC-9B63-AF1E4A905610}
	EndGlobalSection
EndGlobal
